
Microsoft Visual Studio Solution File, Format Version 12.00
# Visual Studio Version 17
VisualStudioVersion = 17.2.32526.322
MinimumVisualStudioVersion = 10.0.40219.1
Project("{2150E333-8FDC-42A3-9474-1A3956D46DE8}") = "Services", "Services", "{BFBE326D-12A6-4A27-8132-471734FB75CC}"
EndProject
Project("{2150E333-8FDC-42A3-9474-1A3956D46DE8}") = "Catalog", "Catalog", "{8B543F12-FC63-4D92-9156-2467396D5A3B}"
EndProject
Project("{9A19103F-16F7-4668-BE54-9A1E7A4F7556}") = "Catalog.API", "Services\Catalog\Catalog.API\Catalog.API.csproj", "{6C23C598-67A2-47CD-9F1F-47AAFDAB2657}"
EndProject
Project("{E53339B2-1760-4266-BCC7-CA923CBCF16C}") = "docker-compose", "docker-compose.dcproj", "{BCFDADD1-796C-4311-A4AF-2ED23DDA8532}"
EndProject
Project("{2150E333-8FDC-42A3-9474-1A3956D46DE8}") = "Basket", "Basket", "{854521B6-66F0-48CA-B132-A135FEF35FB0}"
EndProject
Project("{9A19103F-16F7-4668-BE54-9A1E7A4F7556}") = "Basket.API", "Services\Basket\Basket.API\Basket.API.csproj", "{AC84ED5A-5381-4C48-A259-1FC43705CC99}"
EndProject
Project("{2150E333-8FDC-42A3-9474-1A3956D46DE8}") = "Discount", "Discount", "{37873160-CC77-402C-B877-7AA7DD896227}"
EndProject
Project("{9A19103F-16F7-4668-BE54-9A1E7A4F7556}") = "Discount.API", "Services\discount\Discount.API\Discount.API.csproj", "{C37D9E3E-C31A-4044-8BF0-440A100347A4}"
EndProject
Project("{9A19103F-16F7-4668-BE54-9A1E7A4F7556}") = "Discount.Grpc", "Services\discount\Discount.Grpc\Discount.Grpc.csproj", "{8D87A01C-BA82-446C-BB1F-C565740FB2CC}"
EndProject
Project("{2150E333-8FDC-42A3-9474-1A3956D46DE8}") = "Ordering", "Ordering", "{B91EBC55-37BC-470D-849D-78B2E35657AB}"
EndProject
Project("{FAE04EC0-301F-11D3-BF4B-00C04F79EFBC}") = "API", "Services\Ordering\API\API.csproj", "{D3A00D5D-DB7C-4813-81F8-CB8393BBCE6C}"
EndProject
Project("{FAE04EC0-301F-11D3-BF4B-00C04F79EFBC}") = "Application", "Services\Ordering\Application\Application.csproj", "{AE11612F-912E-4F6E-8D71-17B7FA3DCDDF}"
EndProject
Project("{FAE04EC0-301F-11D3-BF4B-00C04F79EFBC}") = "Infrastructure", "Services\Ordering\Infrastructure\Infrastructure.csproj", "{FD83C4D5-3247-4CFC-9CE2-1A6D216644F9}"
EndProject
Project("{FAE04EC0-301F-11D3-BF4B-00C04F79EFBC}") = "Domain", "Services\Ordering\Domain\Domain.csproj", "{9CFFE9B2-2FF9-4DB0-B209-D9F3E1DE6128}"
EndProject
Global
	GlobalSection(SolutionConfigurationPlatforms) = preSolution
		Debug|Any CPU = Debug|Any CPU
		Release|Any CPU = Release|Any CPU
	EndGlobalSection
	GlobalSection(ProjectConfigurationPlatforms) = postSolution
		{6C23C598-67A2-47CD-9F1F-47AAFDAB2657}.Debug|Any CPU.ActiveCfg = Debug|Any CPU
		{6C23C598-67A2-47CD-9F1F-47AAFDAB2657}.Debug|Any CPU.Build.0 = Debug|Any CPU
		{6C23C598-67A2-47CD-9F1F-47AAFDAB2657}.Release|Any CPU.ActiveCfg = Release|Any CPU
		{6C23C598-67A2-47CD-9F1F-47AAFDAB2657}.Release|Any CPU.Build.0 = Release|Any CPU
		{BCFDADD1-796C-4311-A4AF-2ED23DDA8532}.Debug|Any CPU.ActiveCfg = Debug|Any CPU
		{BCFDADD1-796C-4311-A4AF-2ED23DDA8532}.Debug|Any CPU.Build.0 = Debug|Any CPU
		{BCFDADD1-796C-4311-A4AF-2ED23DDA8532}.Release|Any CPU.ActiveCfg = Release|Any CPU
		{BCFDADD1-796C-4311-A4AF-2ED23DDA8532}.Release|Any CPU.Build.0 = Release|Any CPU
		{AC84ED5A-5381-4C48-A259-1FC43705CC99}.Debug|Any CPU.ActiveCfg = Debug|Any CPU
		{AC84ED5A-5381-4C48-A259-1FC43705CC99}.Debug|Any CPU.Build.0 = Debug|Any CPU
		{AC84ED5A-5381-4C48-A259-1FC43705CC99}.Release|Any CPU.ActiveCfg = Release|Any CPU
		{AC84ED5A-5381-4C48-A259-1FC43705CC99}.Release|Any CPU.Build.0 = Release|Any CPU
		{C37D9E3E-C31A-4044-8BF0-440A100347A4}.Debug|Any CPU.ActiveCfg = Debug|Any CPU
		{C37D9E3E-C31A-4044-8BF0-440A100347A4}.Debug|Any CPU.Build.0 = Debug|Any CPU
		{C37D9E3E-C31A-4044-8BF0-440A100347A4}.Release|Any CPU.ActiveCfg = Release|Any CPU
		{C37D9E3E-C31A-4044-8BF0-440A100347A4}.Release|Any CPU.Build.0 = Release|Any CPU
		{8D87A01C-BA82-446C-BB1F-C565740FB2CC}.Debug|Any CPU.ActiveCfg = Debug|Any CPU
		{8D87A01C-BA82-446C-BB1F-C565740FB2CC}.Debug|Any CPU.Build.0 = Debug|Any CPU
		{8D87A01C-BA82-446C-BB1F-C565740FB2CC}.Release|Any CPU.ActiveCfg = Release|Any CPU
		{8D87A01C-BA82-446C-BB1F-C565740FB2CC}.Release|Any CPU.Build.0 = Release|Any CPU
		{D3A00D5D-DB7C-4813-81F8-CB8393BBCE6C}.Debug|Any CPU.ActiveCfg = Debug|Any CPU
		{D3A00D5D-DB7C-4813-81F8-CB8393BBCE6C}.Debug|Any CPU.Build.0 = Debug|Any CPU
		{D3A00D5D-DB7C-4813-81F8-CB8393BBCE6C}.Release|Any CPU.ActiveCfg = Release|Any CPU
		{D3A00D5D-DB7C-4813-81F8-CB8393BBCE6C}.Release|Any CPU.Build.0 = Release|Any CPU
		{AE11612F-912E-4F6E-8D71-17B7FA3DCDDF}.Debug|Any CPU.ActiveCfg = Debug|Any CPU
		{AE11612F-912E-4F6E-8D71-17B7FA3DCDDF}.Debug|Any CPU.Build.0 = Debug|Any CPU
		{AE11612F-912E-4F6E-8D71-17B7FA3DCDDF}.Release|Any CPU.ActiveCfg = Release|Any CPU
		{AE11612F-912E-4F6E-8D71-17B7FA3DCDDF}.Release|Any CPU.Build.0 = Release|Any CPU
		{FD83C4D5-3247-4CFC-9CE2-1A6D216644F9}.Debug|Any CPU.ActiveCfg = Debug|Any CPU
		{FD83C4D5-3247-4CFC-9CE2-1A6D216644F9}.Debug|Any CPU.Build.0 = Debug|Any CPU
		{FD83C4D5-3247-4CFC-9CE2-1A6D216644F9}.Release|Any CPU.ActiveCfg = Release|Any CPU
		{FD83C4D5-3247-4CFC-9CE2-1A6D216644F9}.Release|Any CPU.Build.0 = Release|Any CPU
		{9CFFE9B2-2FF9-4DB0-B209-D9F3E1DE6128}.Debug|Any CPU.ActiveCfg = Debug|Any CPU
		{9CFFE9B2-2FF9-4DB0-B209-D9F3E1DE6128}.Debug|Any CPU.Build.0 = Debug|Any CPU
		{9CFFE9B2-2FF9-4DB0-B209-D9F3E1DE6128}.Release|Any CPU.ActiveCfg = Release|Any CPU
		{9CFFE9B2-2FF9-4DB0-B209-D9F3E1DE6128}.Release|Any CPU.Build.0 = Release|Any CPU
	EndGlobalSection
	GlobalSection(SolutionProperties) = preSolution
		HideSolutionNode = FALSE
	EndGlobalSection
	GlobalSection(NestedProjects) = preSolution
		{8B543F12-FC63-4D92-9156-2467396D5A3B} = {BFBE326D-12A6-4A27-8132-471734FB75CC}
		{6C23C598-67A2-47CD-9F1F-47AAFDAB2657} = {8B543F12-FC63-4D92-9156-2467396D5A3B}
		{854521B6-66F0-48CA-B132-A135FEF35FB0} = {BFBE326D-12A6-4A27-8132-471734FB75CC}
		{AC84ED5A-5381-4C48-A259-1FC43705CC99} = {854521B6-66F0-48CA-B132-A135FEF35FB0}
		{37873160-CC77-402C-B877-7AA7DD896227} = {BFBE326D-12A6-4A27-8132-471734FB75CC}
		{C37D9E3E-C31A-4044-8BF0-440A100347A4} = {37873160-CC77-402C-B877-7AA7DD896227}
		{8D87A01C-BA82-446C-BB1F-C565740FB2CC} = {37873160-CC77-402C-B877-7AA7DD896227}
		{B91EBC55-37BC-470D-849D-78B2E35657AB} = {BFBE326D-12A6-4A27-8132-471734FB75CC}
		{D3A00D5D-DB7C-4813-81F8-CB8393BBCE6C} = {B91EBC55-37BC-470D-849D-78B2E35657AB}
		{AE11612F-912E-4F6E-8D71-17B7FA3DCDDF} = {B91EBC55-37BC-470D-849D-78B2E35657AB}
		{FD83C4D5-3247-4CFC-9CE2-1A6D216644F9} = {B91EBC55-37BC-470D-849D-78B2E35657AB}
		{9CFFE9B2-2FF9-4DB0-B209-D9F3E1DE6128} = {B91EBC55-37BC-470D-849D-78B2E35657AB}
	EndGlobalSection
	GlobalSection(ExtensibilityGlobals) = postSolution
		SolutionGuid = {F7E8428B-6764-4866-92CD-8C8EE725EE81}
	EndGlobalSection
EndGlobal
